{
  "name": "network-monitor",
  "version": "1.0.0",
  "lockfileVersion": 2,
  "requires": true,
  "packages": {
    "": {
      "name": "network-monitor",
      "version": "1.0.0",
      "license": "ISC",
      "dependencies": {
        "node-arp": "^1.0.6"
      }
    },
    "node_modules/node-arp": {
      "version": "1.0.6",
      "resolved": "https://registry.npmjs.org/node-arp/-/node-arp-1.0.6.tgz",
      "integrity": "sha512-miX3CXZv1CvsWeAeoB66GVbn8X0WEbcZTmpZBnIzK4t02YF7+JDeFxYWFcqcDDaM2d/vzUFTx4zxr+G1NBRmGQ==",
      "engines": {
        "node": "*"
      }
    }
  },
  "dependencies": {
    "node-arp": {
      "version": "1.0.6",
      "resolved": "https://registry.npmjs.org/node-arp/-/node-arp-1.0.6.tgz",
      "integrity": "sha512-miX3CXZv1CvsWeAeoB66GVbn8X0WEbcZTmpZBnIzK4t02YF7+JDeFxYWFcqcDDaM2d/vzUFTx4zxr+G1NBRmGQ=="
    }
  }
}
